<?xml version="1.0" encoding="UTF-8" standalone="yes" ?>
<CodeBlocks_project_file>
	<FileVersion major="1" minor="6" />
	<Project>
		<Option title="GeoVision" />
		<Option pch_mode="2" />
		<Option compiler="gcc" />
		<Build>
			<Target title="Debug">
				<Option output="bin/Debug/GeoVision" prefix_auto="1" extension_auto="1" />
				<Option object_output="obj/Debug/" />
				<Option type="0" />
				<Option compiler="gcc" />
				<Compiler>
					<Add option="-g" />
					<Add directory="src" />
					<Add directory="include" />
				</Compiler>
			</Target>
			<Target title="Release">
				<Option output="bin/Release/GeoVision" prefix_auto="1" extension_auto="1" />
				<Option object_output="obj/Release/" />
				<Option type="1" />
				<Option compiler="gcc" />
				<Compiler>
					<Add option="-O2" />
					<Add directory="src" />
					<Add directory="include" />
				</Compiler>
				<Linker>
					<Add option="-s" />
				</Linker>
			</Target>
		</Build>
		<Compiler>
			<Add option="-Wall" />
			<Add option="-fexceptions" />
		</Compiler>
		<Unit filename="src/ChangePointType.cpp" />
		<Unit filename="src/ChangePointType.h" />
		<Unit filename="src/DeleteObject.cpp" />
		<Unit filename="src/DeleteObject.h" />
		<Unit filename="src/DistanceToMouse.cpp" />
		<Unit filename="src/DistanceToMouse.h" />
		<Unit filename="src/DynamicToStatic.cpp" />
		<Unit filename="src/DynamicToStatic.h" />
		<Unit filename="src/DynamicalShapeData.cpp" />
		<Unit filename="src/DynamicalShapeData.h" />
		<Unit filename="src/Enums.h" />
		<Unit filename="src/GMColors.cpp" />
		<Unit filename="src/GMColors.h" />
		<Unit filename="src/GUI.cpp" />
		<Unit filename="src/GUI.h" />
		<Unit filename="src/Geometry.cpp" />
		<Unit filename="src/Geometry.h" />
		<Unit filename="src/MemoryManagement.cpp" />
		<Unit filename="src/MemoryManagement.h" />
		<Unit filename="src/ObjectPreview.cpp" />
		<Unit filename="src/ObjectPreview.h" />
		<Unit filename="src/Rendering.cpp" />
		<Unit filename="src/Rendering.h" />
		<Unit filename="src/RenderingDynamicObjects.cpp" />
		<Unit filename="src/RenderingDynamicObjects.h" />
		<Unit filename="src/Textures.cpp" />
		<Unit filename="src/Textures.h" />
		<Unit filename="src/UpdateRelativePoints.cpp" />
		<Unit filename="src/UpdateRelativePoints.h" />
		<Unit filename="src/main.cpp" />
		<Unit filename="textures/ToolCreateAltitudeFoot.png" />
		<Unit filename="textures/ToolCreateAngleBisector.png" />
		<Unit filename="textures/ToolCreateCircleDB2.png" />
		<Unit filename="textures/ToolCreateCircleDB3.png" />
		<Unit filename="textures/ToolCreateLine.png" />
		<Unit filename="textures/ToolCreateMidpoint.png" />
		<Unit filename="textures/ToolCreatePerpendicularBisector.png" />
		<Unit filename="textures/ToolCreatePoint.png" />
		<Unit filename="textures/ToolCreateSegment.png" />
		<Unit filename="textures/ToolMove.png" />
		<Extensions>
			<code_completion />
			<envvars />
			<debugger />
		</Extensions>
	</Project>
</CodeBlocks_project_file>
